// !$*UTF8*$!
{
	archiveVersion = 1;
	classes = {
	};
	objectVersion = 77;
	objects = {

/* Begin PBXBuildFile section */
		9B33E6612DC326750099D1E8 /* Secrets.plist in Resources */ = {isa = PBXBuildFile; fileRef = 9B33E65D2DC326750099D1E8 /* Secrets.plist */; };
		9B33E6912DC326CB0099D1E8 /* NavHeaderView.swift in Sources */ = {isa = PBXBuildFile; fileRef = 9B33E6892DC326CB0099D1E8 /* NavHeaderView.swift */; };
		9B33E6922DC326CB0099D1E8 /* LoginView.swift in Sources */ = {isa = PBXBuildFile; fileRef = 9B33E67D2DC326CB0099D1E8 /* LoginView.swift */; };
		9B33E6932DC326CB0099D1E8 /* UserModel.swift in Sources */ = {isa = PBXBuildFile; fileRef = 9B33E66F2DC326CB0099D1E8 /* UserModel.swift */; };
		9B33E6942DC326CB0099D1E8 /* FullScreenMediaView.swift in Sources */ = {isa = PBXBuildFile; fileRef = 9B33E6832DC326CB0099D1E8 /* FullScreenMediaView.swift */; };
		9B33E6952DC326CB0099D1E8 /* CareerView.swift in Sources */ = {isa = PBXBuildFile; fileRef = 9B33E68C2DC326CB0099D1E8 /* CareerView.swift */; };
		9B33E6962DC326CB0099D1E8 /* ScorecardModel.swift in Sources */ = {isa = PBXBuildFile; fileRef = 9B33E66E2DC326CB0099D1E8 /* ScorecardModel.swift */; };
		9B33E6972DC326CB0099D1E8 /* ScorecardUploadModel.swift in Sources */ = {isa = PBXBuildFile; fileRef = 9B33E6782DC326CB0099D1E8 /* ScorecardUploadModel.swift */; };
		9B33E6982DC326CB0099D1E8 /* FeedPostView.swift in Sources */ = {isa = PBXBuildFile; fileRef = 9B33E6822DC326CB0099D1E8 /* FeedPostView.swift */; };
		9B33E6992DC326CB0099D1E8 /* ProfileViewModel.swift in Sources */ = {isa = PBXBuildFile; fileRef = 9B33E6772DC326CB0099D1E8 /* ProfileViewModel.swift */; };
		9B33E69A2DC326CB0099D1E8 /* AuthViewModel.swift in Sources */ = {isa = PBXBuildFile; fileRef = 9B33E6752DC326CB0099D1E8 /* AuthViewModel.swift */; };
		9B33E69B2DC326CB0099D1E8 /* FirebaseService.swift in Sources */ = {isa = PBXBuildFile; fileRef = 9B33E6732DC326CB0099D1E8 /* FirebaseService.swift */; };
		9B33E69C2DC326CB0099D1E8 /* AuthView.swift in Sources */ = {isa = PBXBuildFile; fileRef = 9B33E67A2DC326CB0099D1E8 /* AuthView.swift */; };
		9B33E69D2DC326CB0099D1E8 /* TripsView.swift in Sources */ = {isa = PBXBuildFile; fileRef = 9B33E68E2DC326CB0099D1E8 /* TripsView.swift */; };
		9B33E69E2DC326CB0099D1E8 /* Goltripv2App.swift in Sources */ = {isa = PBXBuildFile; fileRef = 9B33E6682DC326CB0099D1E8 /* Goltripv2App.swift */; };
		9B33E69F2DC326CB0099D1E8 /* FeedPost.swift in Sources */ = {isa = PBXBuildFile; fileRef = 9B33E6812DC326CB0099D1E8 /* FeedPost.swift */; };
		9B33E6A02DC326CB0099D1E8 /* FeedViewModel.swift in Sources */ = {isa = PBXBuildFile; fileRef = 9B33E6762DC326CB0099D1E8 /* FeedViewModel.swift */; };
		9B33E6A12DC326CB0099D1E8 /* ScorecardReviewView.swift in Sources */ = {isa = PBXBuildFile; fileRef = 9B33E68A2DC326CB0099D1E8 /* ScorecardReviewView.swift */; };
		9B33E6A22DC326CB0099D1E8 /* LogRoundView.swift in Sources */ = {isa = PBXBuildFile; fileRef = 9B33E68D2DC326CB0099D1E8 /* LogRoundView.swift */; };
		9B33E6A32DC326CB0099D1E8 /* ImagePicker.swift in Sources */ = {isa = PBXBuildFile; fileRef = 9B33E66A2DC326CB0099D1E8 /* ImagePicker.swift */; };
		9B33E6A42DC326CB0099D1E8 /* HomePageView.swift in Sources */ = {isa = PBXBuildFile; fileRef = 9B33E6842DC326CB0099D1E8 /* HomePageView.swift */; };
		9B33E6A52DC326CB0099D1E8 /* ProfileView.swift in Sources */ = {isa = PBXBuildFile; fileRef = 9B33E6872DC326CB0099D1E8 /* ProfileView.swift */; };
		9B33E6A62DC326CB0099D1E8 /* ContentView.swift in Sources */ = {isa = PBXBuildFile; fileRef = 9B33E6802DC326CB0099D1E8 /* ContentView.swift */; };
		9B33E6A72DC326CB0099D1E8 /* RegisterView.swift in Sources */ = {isa = PBXBuildFile; fileRef = 9B33E67E2DC326CB0099D1E8 /* RegisterView.swift */; };
		9B33E6A82DC326CB0099D1E8 /* EditProfileView.swift in Sources */ = {isa = PBXBuildFile; fileRef = 9B33E67B2DC326CB0099D1E8 /* EditProfileView.swift */; };
		9B33E6A92DC326CB0099D1E8 /* EditProfileWrapper.swift in Sources */ = {isa = PBXBuildFile; fileRef = 9B33E67C2DC326CB0099D1E8 /* EditProfileWrapper.swift */; };
		9B33E6AA2DC326CB0099D1E8 /* NewPostView.swift in Sources */ = {isa = PBXBuildFile; fileRef = 9B33E6852DC326CB0099D1E8 /* NewPostView.swift */; };
		9B33E6AB2DC326CB0099D1E8 /* UIComponents.swift in Sources */ = {isa = PBXBuildFile; fileRef = 9B33E66B2DC326CB0099D1E8 /* UIComponents.swift */; };
		9B33E6AC2DC326CB0099D1E8 /* UserProfile.swift in Sources */ = {isa = PBXBuildFile; fileRef = 9B33E6702DC326CB0099D1E8 /* UserProfile.swift */; };
		9B33E6AD2DC326CB0099D1E8 /* ScorecardUploadView.swift in Sources */ = {isa = PBXBuildFile; fileRef = 9B33E6722DC326CB0099D1E8 /* ScorecardUploadView.swift */; };
		9B33E6AE2DC326CB0099D1E8 /* AppUser.swift in Sources */ = {isa = PBXBuildFile; fileRef = 9B33E66D2DC326CB0099D1E8 /* AppUser.swift */; };
		9B54C4092DA646C300E73E67 /* FirebaseStorage in Frameworks */ = {isa = PBXBuildFile; productRef = 9B54C4082DA646C300E73E67 /* FirebaseStorage */; };
		9BA505B32DA5C43B00CA91D1 /* FirebaseAuth in Frameworks */ = {isa = PBXBuildFile; productRef = 9BA505B22DA5C43B00CA91D1 /* FirebaseAuth */; };
		9BA505B52DA5C43B00CA91D1 /* FirebaseCore in Frameworks */ = {isa = PBXBuildFile; productRef = 9BA505B42DA5C43B00CA91D1 /* FirebaseCore */; };
		9BA505BD2DA5D06B00CA91D1 /* FirebaseFirestore in Frameworks */ = {isa = PBXBuildFile; productRef = 9BA505BC2DA5D06B00CA91D1 /* FirebaseFirestore */; };
/* End PBXBuildFile section */

/* Begin PBXContainerItemProxy section */
		9B9B654C2DA5A3C800CA8E35 /* PBXContainerItemProxy */ = {
			isa = PBXContainerItemProxy;
			containerPortal = 9B9B65362DA5A3C800CA8E35 /* Project object */;
			proxyType = 1;
			remoteGlobalIDString = 9B9B653D2DA5A3C800CA8E35;
			remoteInfo = Goltripv2;
		};
		9B9B65562DA5A3C800CA8E35 /* PBXContainerItemProxy */ = {
			isa = PBXContainerItemProxy;
			containerPortal = 9B9B65362DA5A3C800CA8E35 /* Project object */;
			proxyType = 1;
			remoteGlobalIDString = 9B9B653D2DA5A3C800CA8E35;
			remoteInfo = Goltripv2;
		};
/* End PBXContainerItemProxy section */

/* Begin PBXFileReference section */
		9B33E65D2DC326750099D1E8 /* Secrets.plist */ = {isa = PBXFileReference; lastKnownFileType = text.plist.xml; path = Secrets.plist; sourceTree = "<group>"; };
		9B33E6682DC326CB0099D1E8 /* Goltripv2App.swift */ = {isa = PBXFileReference; lastKnownFileType = sourcecode.swift; path = Goltripv2App.swift; sourceTree = "<group>"; };
		9B33E66A2DC326CB0099D1E8 /* ImagePicker.swift */ = {isa = PBXFileReference; lastKnownFileType = sourcecode.swift; path = ImagePicker.swift; sourceTree = "<group>"; };
		9B33E66B2DC326CB0099D1E8 /* UIComponents.swift */ = {isa = PBXFileReference; lastKnownFileType = sourcecode.swift; path = UIComponents.swift; sourceTree = "<group>"; };
		9B33E66D2DC326CB0099D1E8 /* AppUser.swift */ = {isa = PBXFileReference; lastKnownFileType = sourcecode.swift; path = AppUser.swift; sourceTree = "<group>"; };
		9B33E66E2DC326CB0099D1E8 /* ScorecardModel.swift */ = {isa = PBXFileReference; lastKnownFileType = sourcecode.swift; path = ScorecardModel.swift; sourceTree = "<group>"; };
		9B33E66F2DC326CB0099D1E8 /* UserModel.swift */ = {isa = PBXFileReference; lastKnownFileType = sourcecode.swift; path = UserModel.swift; sourceTree = "<group>"; };
		9B33E6702DC326CB0099D1E8 /* UserProfile.swift */ = {isa = PBXFileReference; lastKnownFileType = sourcecode.swift; path = UserProfile.swift; sourceTree = "<group>"; };
		9B33E6722DC326CB0099D1E8 /* ScorecardUploadView.swift */ = {isa = PBXFileReference; lastKnownFileType = sourcecode.swift; path = ScorecardUploadView.swift; sourceTree = "<group>"; };
		9B33E6732DC326CB0099D1E8 /* FirebaseService.swift */ = {isa = PBXFileReference; lastKnownFileType = sourcecode.swift; path = FirebaseService.swift; sourceTree = "<group>"; };
		9B33E6752DC326CB0099D1E8 /* AuthViewModel.swift */ = {isa = PBXFileReference; lastKnownFileType = sourcecode.swift; path = AuthViewModel.swift; sourceTree = "<group>"; };
		9B33E6762DC326CB0099D1E8 /* FeedViewModel.swift */ = {isa = PBXFileReference; lastKnownFileType = sourcecode.swift; path = FeedViewModel.swift; sourceTree = "<group>"; };
		9B33E6772DC326CB0099D1E8 /* ProfileViewModel.swift */ = {isa = PBXFileReference; lastKnownFileType = sourcecode.swift; path = ProfileViewModel.swift; sourceTree = "<group>"; };
		9B33E6782DC326CB0099D1E8 /* ScorecardUploadModel.swift */ = {isa = PBXFileReference; lastKnownFileType = sourcecode.swift; path = ScorecardUploadModel.swift; sourceTree = "<group>"; };
		9B33E67A2DC326CB0099D1E8 /* AuthView.swift */ = {isa = PBXFileReference; lastKnownFileType = sourcecode.swift; path = AuthView.swift; sourceTree = "<group>"; };
		9B33E67B2DC326CB0099D1E8 /* EditProfileView.swift */ = {isa = PBXFileReference; lastKnownFileType = sourcecode.swift; path = EditProfileView.swift; sourceTree = "<group>"; };
		9B33E67C2DC326CB0099D1E8 /* EditProfileWrapper.swift */ = {isa = PBXFileReference; lastKnownFileType = sourcecode.swift; path = EditProfileWrapper.swift; sourceTree = "<group>"; };
		9B33E67D2DC326CB0099D1E8 /* LoginView.swift */ = {isa = PBXFileReference; lastKnownFileType = sourcecode.swift; path = LoginView.swift; sourceTree = "<group>"; };
		9B33E67E2DC326CB0099D1E8 /* RegisterView.swift */ = {isa = PBXFileReference; lastKnownFileType = sourcecode.swift; path = RegisterView.swift; sourceTree = "<group>"; };
		9B33E6802DC326CB0099D1E8 /* ContentView.swift */ = {isa = PBXFileReference; lastKnownFileType = sourcecode.swift; path = ContentView.swift; sourceTree = "<group>"; };
		9B33E6812DC326CB0099D1E8 /* FeedPost.swift */ = {isa = PBXFileReference; lastKnownFileType = sourcecode.swift; path = FeedPost.swift; sourceTree = "<group>"; };
		9B33E6822DC326CB0099D1E8 /* FeedPostView.swift */ = {isa = PBXFileReference; lastKnownFileType = sourcecode.swift; path = FeedPostView.swift; sourceTree = "<group>"; };
		9B33E6832DC326CB0099D1E8 /* FullScreenMediaView.swift */ = {isa = PBXFileReference; lastKnownFileType = sourcecode.swift; path = FullScreenMediaView.swift; sourceTree = "<group>"; };
		9B33E6842DC326CB0099D1E8 /* HomePageView.swift */ = {isa = PBXFileReference; lastKnownFileType = sourcecode.swift; path = HomePageView.swift; sourceTree = "<group>"; };
		9B33E6852DC326CB0099D1E8 /* NewPostView.swift */ = {isa = PBXFileReference; lastKnownFileType = sourcecode.swift; path = NewPostView.swift; sourceTree = "<group>"; };
		9B33E6872DC326CB0099D1E8 /* ProfileView.swift */ = {isa = PBXFileReference; lastKnownFileType = sourcecode.swift; path = ProfileView.swift; sourceTree = "<group>"; };
		9B33E6892DC326CB0099D1E8 /* NavHeaderView.swift */ = {isa = PBXFileReference; lastKnownFileType = sourcecode.swift; path = NavHeaderView.swift; sourceTree = "<group>"; };
		9B33E68A2DC326CB0099D1E8 /* ScorecardReviewView.swift */ = {isa = PBXFileReference; lastKnownFileType = sourcecode.swift; path = ScorecardReviewView.swift; sourceTree = "<group>"; };
		9B33E68C2DC326CB0099D1E8 /* CareerView.swift */ = {isa = PBXFileReference; lastKnownFileType = sourcecode.swift; path = CareerView.swift; sourceTree = "<group>"; };
		9B33E68D2DC326CB0099D1E8 /* LogRoundView.swift */ = {isa = PBXFileReference; lastKnownFileType = sourcecode.swift; path = LogRoundView.swift; sourceTree = "<group>"; };
		9B33E68E2DC326CB0099D1E8 /* TripsView.swift */ = {isa = PBXFileReference; lastKnownFileType = sourcecode.swift; path = TripsView.swift; sourceTree = "<group>"; };
		9B9B653E2DA5A3C800CA8E35 /* Goltripv2.app */ = {isa = PBXFileReference; explicitFileType = wrapper.application; includeInIndex = 0; path = Goltripv2.app; sourceTree = BUILT_PRODUCTS_DIR; };
		9B9B654B2DA5A3C800CA8E35 /* Goltripv2Tests.xctest */ = {isa = PBXFileReference; explicitFileType = wrapper.cfbundle; includeInIndex = 0; path = Goltripv2Tests.xctest; sourceTree = BUILT_PRODUCTS_DIR; };
		9B9B65552DA5A3C800CA8E35 /* Goltripv2UITests.xctest */ = {isa = PBXFileReference; explicitFileType = wrapper.cfbundle; includeInIndex = 0; path = Goltripv2UITests.xctest; sourceTree = BUILT_PRODUCTS_DIR; };
/* End PBXFileReference section */

/* Begin PBXFileSystemSynchronizedBuildFileExceptionSet section */
		9B33E6B22DC327A90099D1E8 /* Exceptions for "FireBaseConfig" folder in "Goltripv2" target */ = {
			isa = PBXFileSystemSynchronizedBuildFileExceptionSet;
			membershipExceptions = (
				Info.plist,
			);
			target = 9B9B653D2DA5A3C800CA8E35 /* Goltripv2 */;
		};
/* End PBXFileSystemSynchronizedBuildFileExceptionSet section */

/* Begin PBXFileSystemSynchronizedRootGroup section */
		9B33E6B12DC327A90099D1E8 /* FireBaseConfig */ = {
			isa = PBXFileSystemSynchronizedRootGroup;
			exceptions = (
				9B33E6B22DC327A90099D1E8 /* Exceptions for "FireBaseConfig" folder in "Goltripv2" target */,
			);
			path = FireBaseConfig;
			sourceTree = "<group>";
		};
		9B9B65402DA5A3C800CA8E35 /* Goltripv2 */ = {
			isa = PBXFileSystemSynchronizedRootGroup;
			path = Goltripv2;
			sourceTree = "<group>";
		};
		9B9B654E2DA5A3C800CA8E35 /* Goltripv2Tests */ = {
			isa = PBXFileSystemSynchronizedRootGroup;
			path = Goltripv2Tests;
			sourceTree = "<group>";
		};
		9B9B65582DA5A3C800CA8E35 /* Goltripv2UITests */ = {
			isa = PBXFileSystemSynchronizedRootGroup;
			path = Goltripv2UITests;
			sourceTree = "<group>";
		};
/* End PBXFileSystemSynchronizedRootGroup section */

/* Begin PBXFrameworksBuildPhase section */
		9B9B653B2DA5A3C800CA8E35 /* Frameworks */ = {
			isa = PBXFrameworksBuildPhase;
			buildActionMask = 2147483647;
			files = (
				9BA505B52DA5C43B00CA91D1 /* FirebaseCore in Frameworks */,
				9B54C4092DA646C300E73E67 /* FirebaseStorage in Frameworks */,
				9BA505B32DA5C43B00CA91D1 /* FirebaseAuth in Frameworks */,
				9BA505BD2DA5D06B00CA91D1 /* FirebaseFirestore in Frameworks */,
			);
			runOnlyForDeploymentPostprocessing = 0;
		};
		9B9B65482DA5A3C800CA8E35 /* Frameworks */ = {
			isa = PBXFrameworksBuildPhase;
			buildActionMask = 2147483647;
			files = (
			);
			runOnlyForDeploymentPostprocessing = 0;
		};
		9B9B65522DA5A3C800CA8E35 /* Frameworks */ = {
			isa = PBXFrameworksBuildPhase;
			buildActionMask = 2147483647;
			files = (
			);
			runOnlyForDeploymentPostprocessing = 0;
		};
/* End PBXFrameworksBuildPhase section */

/* Begin PBXGroup section */
		9B33E6692DC326CB0099D1E8 /* App */ = {
			isa = PBXGroup;
			children = (
				9B33E6682DC326CB0099D1E8 /* Goltripv2App.swift */,
			);
			path = App;
			sourceTree = "<group>";
		};
		9B33E66C2DC326CB0099D1E8 /* Components */ = {
			isa = PBXGroup;
			children = (
				9B33E66A2DC326CB0099D1E8 /* ImagePicker.swift */,
				9B33E66B2DC326CB0099D1E8 /* UIComponents.swift */,
			);
			path = Components;
			sourceTree = "<group>";
		};
		9B33E6712DC326CB0099D1E8 /* Models */ = {
			isa = PBXGroup;
			children = (
				9B33E66D2DC326CB0099D1E8 /* AppUser.swift */,
				9B33E66E2DC326CB0099D1E8 /* ScorecardModel.swift */,
				9B33E66F2DC326CB0099D1E8 /* UserModel.swift */,
				9B33E6702DC326CB0099D1E8 /* UserProfile.swift */,
			);
			path = Models;
			sourceTree = "<group>";
		};
		9B33E6742DC326CB0099D1E8 /* Utilities */ = {
			isa = PBXGroup;
			children = (
				9B33E6722DC326CB0099D1E8 /* ScorecardUploadView.swift */,
				9B33E6732DC326CB0099D1E8 /* FirebaseService.swift */,
			);
			path = Utilities;
			sourceTree = "<group>";
		};
		9B33E6792DC326CB0099D1E8 /* ViewModels */ = {
			isa = PBXGroup;
			children = (
				9B33E6752DC326CB0099D1E8 /* AuthViewModel.swift */,
				9B33E6762DC326CB0099D1E8 /* FeedViewModel.swift */,
				9B33E6772DC326CB0099D1E8 /* ProfileViewModel.swift */,
				9B33E6782DC326CB0099D1E8 /* ScorecardUploadModel.swift */,
			);
			path = ViewModels;
			sourceTree = "<group>";
		};
		9B33E67F2DC326CB0099D1E8 /* Auth */ = {
			isa = PBXGroup;
			children = (
				9B33E67A2DC326CB0099D1E8 /* AuthView.swift */,
				9B33E67B2DC326CB0099D1E8 /* EditProfileView.swift */,
				9B33E67C2DC326CB0099D1E8 /* EditProfileWrapper.swift */,
				9B33E67D2DC326CB0099D1E8 /* LoginView.swift */,
				9B33E67E2DC326CB0099D1E8 /* RegisterView.swift */,
			);
			path = Auth;
			sourceTree = "<group>";
		};
		9B33E6862DC326CB0099D1E8 /* Feed */ = {
			isa = PBXGroup;
			children = (
				9B33E6802DC326CB0099D1E8 /* ContentView.swift */,
				9B33E6812DC326CB0099D1E8 /* FeedPost.swift */,
				9B33E6822DC326CB0099D1E8 /* FeedPostView.swift */,
				9B33E6832DC326CB0099D1E8 /* FullScreenMediaView.swift */,
				9B33E6842DC326CB0099D1E8 /* HomePageView.swift */,
				9B33E6852DC326CB0099D1E8 /* NewPostView.swift */,
			);
			path = Feed;
			sourceTree = "<group>";
		};
		9B33E6882DC326CB0099D1E8 /* Profile */ = {
			isa = PBXGroup;
			children = (
				9B33E6872DC326CB0099D1E8 /* ProfileView.swift */,
			);
			path = Profile;
			sourceTree = "<group>";
		};
		9B33E68B2DC326CB0099D1E8 /* Shared */ = {
			isa = PBXGroup;
			children = (
				9B33E6892DC326CB0099D1E8 /* NavHeaderView.swift */,
				9B33E68A2DC326CB0099D1E8 /* ScorecardReviewView.swift */,
			);
			path = Shared;
			sourceTree = "<group>";
		};
		9B33E68F2DC326CB0099D1E8 /* Trip */ = {
			isa = PBXGroup;
			children = (
				9B33E68C2DC326CB0099D1E8 /* CareerView.swift */,
				9B33E68D2DC326CB0099D1E8 /* LogRoundView.swift */,
				9B33E68E2DC326CB0099D1E8 /* TripsView.swift */,
			);
			path = Trip;
			sourceTree = "<group>";
		};
		9B33E6902DC326CB0099D1E8 /* Views */ = {
			isa = PBXGroup;
			children = (
				9B33E67F2DC326CB0099D1E8 /* Auth */,
				9B33E6862DC326CB0099D1E8 /* Feed */,
				9B33E6882DC326CB0099D1E8 /* Profile */,
				9B33E68B2DC326CB0099D1E8 /* Shared */,
				9B33E68F2DC326CB0099D1E8 /* Trip */,
			);
			path = Views;
			sourceTree = "<group>";
		};
		9B33E6AF2DC327700099D1E8 /* Resources */ = {
			isa = PBXGroup;
			children = (
				9B33E65D2DC326750099D1E8 /* Secrets.plist */,
				9B33E6B12DC327A90099D1E8 /* FireBaseConfig */,
			);
			path = Resources;
			sourceTree = "<group>";
		};
		9B9B65352DA5A3C800CA8E35 = {
			isa = PBXGroup;
			children = (
				9B33E6AF2DC327700099D1E8 /* Resources */,
				9B33E6692DC326CB0099D1E8 /* App */,
				9B33E66C2DC326CB0099D1E8 /* Components */,
				9B33E6712DC326CB0099D1E8 /* Models */,
				9B33E6742DC326CB0099D1E8 /* Utilities */,
				9B33E6792DC326CB0099D1E8 /* ViewModels */,
				9B33E6902DC326CB0099D1E8 /* Views */,
				9B9B65402DA5A3C800CA8E35 /* Goltripv2 */,
				9B9B654E2DA5A3C800CA8E35 /* Goltripv2Tests */,
				9B9B65582DA5A3C800CA8E35 /* Goltripv2UITests */,
				9B9B657B2DA5A6D400CA8E35 /* Frameworks */,
				9B9B653F2DA5A3C800CA8E35 /* Products */,
			);
			sourceTree = "<group>";
		};
		9B9B653F2DA5A3C800CA8E35 /* Products */ = {
			isa = PBXGroup;
			children = (
				9B9B653E2DA5A3C800CA8E35 /* Goltripv2.app */,
				9B9B654B2DA5A3C800CA8E35 /* Goltripv2Tests.xctest */,
				9B9B65552DA5A3C800CA8E35 /* Goltripv2UITests.xctest */,
			);
			name = Products;
			sourceTree = "<group>";
		};
		9B9B657B2DA5A6D400CA8E35 /* Frameworks */ = {
			isa = PBXGroup;
			children = (
			);
			name = Frameworks;
			sourceTree = "<group>";
		};
/* End PBXGroup section */

/* Begin PBXNativeTarget section */
		9B9B653D2DA5A3C800CA8E35 /* Goltripv2 */ = {
			isa = PBXNativeTarget;
			buildConfigurationList = 9B9B655F2DA5A3C800CA8E35 /* Build configuration list for PBXNativeTarget "Goltripv2" */;
			buildPhases = (
				9B9B653A2DA5A3C800CA8E35 /* Sources */,
				9B9B653B2DA5A3C800CA8E35 /* Frameworks */,
				9B9B653C2DA5A3C800CA8E35 /* Resources */,
			);
			buildRules = (
			);
			dependencies = (
			);
			fileSystemSynchronizedGroups = (
				9B33E6B12DC327A90099D1E8 /* FireBaseConfig */,
				9B9B65402DA5A3C800CA8E35 /* Goltripv2 */,
			);
			name = Goltripv2;
			packageProductDependencies = (
				9BA505B22DA5C43B00CA91D1 /* FirebaseAuth */,
				9BA505B42DA5C43B00CA91D1 /* FirebaseCore */,
				9BA505BC2DA5D06B00CA91D1 /* FirebaseFirestore */,
				9B54C4082DA646C300E73E67 /* FirebaseStorage */,
			);
			productName = Goltripv2;
			productReference = 9B9B653E2DA5A3C800CA8E35 /* Goltripv2.app */;
			productType = "com.apple.product-type.application";
		};
		9B9B654A2DA5A3C800CA8E35 /* Goltripv2Tests */ = {
			isa = PBXNativeTarget;
			buildConfigurationList = 9B9B65622DA5A3C800CA8E35 /* Build configuration list for PBXNativeTarget "Goltripv2Tests" */;
			buildPhases = (
				9B9B65472DA5A3C800CA8E35 /* Sources */,
				9B9B65482DA5A3C800CA8E35 /* Frameworks */,
				9B9B65492DA5A3C800CA8E35 /* Resources */,
			);
			buildRules = (
			);
			dependencies = (
				9B9B654D2DA5A3C800CA8E35 /* PBXTargetDependency */,
			);
			fileSystemSynchronizedGroups = (
				9B9B654E2DA5A3C800CA8E35 /* Goltripv2Tests */,
			);
			name = Goltripv2Tests;
			packageProductDependencies = (
			);
			productName = Goltripv2Tests;
			productReference = 9B9B654B2DA5A3C800CA8E35 /* Goltripv2Tests.xctest */;
			productType = "com.apple.product-type.bundle.unit-test";
		};
		9B9B65542DA5A3C800CA8E35 /* Goltripv2UITests */ = {
			isa = PBXNativeTarget;
			buildConfigurationList = 9B9B65652DA5A3C800CA8E35 /* Build configuration list for PBXNativeTarget "Goltripv2UITests" */;
			buildPhases = (
				9B9B65512DA5A3C800CA8E35 /* Sources */,
				9B9B65522DA5A3C800CA8E35 /* Frameworks */,
				9B9B65532DA5A3C800CA8E35 /* Resources */,
			);
			buildRules = (
			);
			dependencies = (
				9B9B65572DA5A3C800CA8E35 /* PBXTargetDependency */,
			);
			fileSystemSynchronizedGroups = (
				9B9B65582DA5A3C800CA8E35 /* Goltripv2UITests */,
			);
			name = Goltripv2UITests;
			packageProductDependencies = (
			);
			productName = Goltripv2UITests;
			productReference = 9B9B65552DA5A3C800CA8E35 /* Goltripv2UITests.xctest */;
			productType = "com.apple.product-type.bundle.ui-testing";
		};
/* End PBXNativeTarget section */

/* Begin PBXProject section */
		9B9B65362DA5A3C800CA8E35 /* Project object */ = {
			isa = PBXProject;
			attributes = {
				BuildIndependentTargetsInParallel = 1;
				LastSwiftUpdateCheck = 1630;
				LastUpgradeCheck = 1630;
				TargetAttributes = {
					9B9B653D2DA5A3C800CA8E35 = {
						CreatedOnToolsVersion = 16.3;
					};
					9B9B654A2DA5A3C800CA8E35 = {
						CreatedOnToolsVersion = 16.3;
						TestTargetID = 9B9B653D2DA5A3C800CA8E35;
					};
					9B9B65542DA5A3C800CA8E35 = {
						CreatedOnToolsVersion = 16.3;
						TestTargetID = 9B9B653D2DA5A3C800CA8E35;
					};
				};
			};
			buildConfigurationList = 9B9B65392DA5A3C800CA8E35 /* Build configuration list for PBXProject "Goltripv2" */;
			developmentRegion = en;
			hasScannedForEncodings = 0;
			knownRegions = (
				en,
				Base,
			);
			mainGroup = 9B9B65352DA5A3C800CA8E35;
			minimizedProjectReferenceProxies = 1;
			packageReferences = (
				9B9B657A2DA5A6C100CA8E35 /* XCRemoteSwiftPackageReference "firebase-ios-sdk" */,
			);
			preferredProjectObjectVersion = 77;
			productRefGroup = 9B9B653F2DA5A3C800CA8E35 /* Products */;
			projectDirPath = "";
			projectRoot = "";
			targets = (
				9B9B653D2DA5A3C800CA8E35 /* Goltripv2 */,
				9B9B654A2DA5A3C800CA8E35 /* Goltripv2Tests */,
				9B9B65542DA5A3C800CA8E35 /* Goltripv2UITests */,
			);
		};
/* End PBXProject section */

/* Begin PBXResourcesBuildPhase section */
		9B9B653C2DA5A3C800CA8E35 /* Resources */ = {
			isa = PBXResourcesBuildPhase;
			buildActionMask = 2147483647;
			files = (
				9B33E6612DC326750099D1E8 /* Secrets.plist in Resources */,
			);
			runOnlyForDeploymentPostprocessing = 0;
		};
		9B9B65492DA5A3C800CA8E35 /* Resources */ = {
			isa = PBXResourcesBuildPhase;
			buildActionMask = 2147483647;
			files = (
			);
			runOnlyForDeploymentPostprocessing = 0;
		};
		9B9B65532DA5A3C800CA8E35 /* Resources */ = {
			isa = PBXResourcesBuildPhase;
			buildActionMask = 2147483647;
			files = (
			);
			runOnlyForDeploymentPostprocessing = 0;
		};
/* End PBXResourcesBuildPhase section */

/* Begin PBXSourcesBuildPhase section */
		9B9B653A2DA5A3C800CA8E35 /* Sources */ = {
			isa = PBXSourcesBuildPhase;
			buildActionMask = 2147483647;
			files = (
				9B33E6912DC326CB0099D1E8 /* NavHeaderView.swift in Sources */,
				9B33E6922DC326CB0099D1E8 /* LoginView.swift in Sources */,
				9B33E6932DC326CB0099D1E8 /* UserModel.swift in Sources */,
				9B33E6942DC326CB0099D1E8 /* FullScreenMediaView.swift in Sources */,
				9B33E6952DC326CB0099D1E8 /* CareerView.swift in Sources */,
				9B33E6962DC326CB0099D1E8 /* ScorecardModel.swift in Sources */,
				9B33E6972DC326CB0099D1E8 /* ScorecardUploadModel.swift in Sources */,
				9B33E6982DC326CB0099D1E8 /* FeedPostView.swift in Sources */,
				9B33E6992DC326CB0099D1E8 /* ProfileViewModel.swift in Sources */,
				9B33E69A2DC326CB0099D1E8 /* AuthViewModel.swift in Sources */,
				9B33E69B2DC326CB0099D1E8 /* FirebaseService.swift in Sources */,
				9B33E69C2DC326CB0099D1E8 /* AuthView.swift in Sources */,
				9B33E69D2DC326CB0099D1E8 /* TripsView.swift in Sources */,
				9B33E69E2DC326CB0099D1E8 /* Goltripv2App.swift in Sources */,
				9B33E69F2DC326CB0099D1E8 /* FeedPost.swift in Sources */,
				9B33E6A02DC326CB0099D1E8 /* FeedViewModel.swift in Sources */,
				9B33E6A12DC326CB0099D1E8 /* ScorecardReviewView.swift in Sources */,
				9B33E6A22DC326CB0099D1E8 /* LogRoundView.swift in Sources */,
				9B33E6A32DC326CB0099D1E8 /* ImagePicker.swift in Sources */,
				9B33E6A42DC326CB0099D1E8 /* HomePageView.swift in Sources */,
				9B33E6A52DC326CB0099D1E8 /* ProfileView.swift in Sources */,
				9B33E6A62DC326CB0099D1E8 /* ContentView.swift in Sources */,
				9B33E6A72DC326CB0099D1E8 /* RegisterView.swift in Sources */,
				9B33E6A82DC326CB0099D1E8 /* EditProfileView.swift in Sources */,
				9B33E6A92DC326CB0099D1E8 /* EditProfileWrapper.swift in Sources */,
				9B33E6AA2DC326CB0099D1E8 /* NewPostView.swift in Sources */,
				9B33E6AB2DC326CB0099D1E8 /* UIComponents.swift in Sources */,
				9B33E6AC2DC326CB0099D1E8 /* UserProfile.swift in Sources */,
				9B33E6AD2DC326CB0099D1E8 /* ScorecardUploadView.swift in Sources */,
				9B33E6AE2DC326CB0099D1E8 /* AppUser.swift in Sources */,
			);
			runOnlyForDeploymentPostprocessing = 0;
		};
		9B9B65472DA5A3C800CA8E35 /* Sources */ = {
			isa = PBXSourcesBuildPhase;
			buildActionMask = 2147483647;
			files = (
			);
			runOnlyForDeploymentPostprocessing = 0;
		};
		9B9B65512DA5A3C800CA8E35 /* Sources */ = {
			isa = PBXSourcesBuildPhase;
			buildActionMask = 2147483647;
			files = (
			);
			runOnlyForDeploymentPostprocessing = 0;
		};
/* End PBXSourcesBuildPhase section */

/* Begin PBXTargetDependency section */
		9B9B654D2DA5A3C800CA8E35 /* PBXTargetDependency */ = {
			isa = PBXTargetDependency;
			target = 9B9B653D2DA5A3C800CA8E35 /* Goltripv2 */;
			targetProxy = 9B9B654C2DA5A3C800CA8E35 /* PBXContainerItemProxy */;
		};
		9B9B65572DA5A3C800CA8E35 /* PBXTargetDependency */ = {
			isa = PBXTargetDependency;
			target = 9B9B653D2DA5A3C800CA8E35 /* Goltripv2 */;
			targetProxy = 9B9B65562DA5A3C800CA8E35 /* PBXContainerItemProxy */;
		};
/* End PBXTargetDependency section */

/* Begin XCBuildConfiguration section */
		9B9B655D2DA5A3C800CA8E35 /* Debug */ = {
			isa = XCBuildConfiguration;
			buildSettings = {
				ALWAYS_SEARCH_USER_PATHS = NO;
				ASSETCATALOG_COMPILER_GENERATE_SWIFT_ASSET_SYMBOL_EXTENSIONS = YES;
				CLANG_ANALYZER_NONNULL = YES;
				CLANG_ANALYZER_NUMBER_OBJECT_CONVERSION = YES_AGGRESSIVE;
				CLANG_CXX_LANGUAGE_STANDARD = "gnu++20";
				CLANG_ENABLE_MODULES = YES;
				CLANG_ENABLE_OBJC_ARC = YES;
				CLANG_ENABLE_OBJC_WEAK = YES;
				CLANG_WARN_BLOCK_CAPTURE_AUTORELEASING = YES;
				CLANG_WARN_BOOL_CONVERSION = YES;
				CLANG_WARN_COMMA = YES;
				CLANG_WARN_CONSTANT_CONVERSION = YES;
				CLANG_WARN_DEPRECATED_OBJC_IMPLEMENTATIONS = YES;
				CLANG_WARN_DIRECT_OBJC_ISA_USAGE = YES_ERROR;
				CLANG_WARN_DOCUMENTATION_COMMENTS = YES;
				CLANG_WARN_EMPTY_BODY = YES;
				CLANG_WARN_ENUM_CONVERSION = YES;
				CLANG_WARN_INFINITE_RECURSION = YES;
				CLANG_WARN_INT_CONVERSION = YES;
				CLANG_WARN_NON_LITERAL_NULL_CONVERSION = YES;
				CLANG_WARN_OBJC_IMPLICIT_RETAIN_SELF = YES;
				CLANG_WARN_OBJC_LITERAL_CONVERSION = YES;
				CLANG_WARN_OBJC_ROOT_CLASS = YES_ERROR;
				CLANG_WARN_QUOTED_INCLUDE_IN_FRAMEWORK_HEADER = YES;
				CLANG_WARN_RANGE_LOOP_ANALYSIS = YES;
				CLANG_WARN_STRICT_PROTOTYPES = YES;
				CLANG_WARN_SUSPICIOUS_MOVE = YES;
				CLANG_WARN_UNGUARDED_AVAILABILITY = YES_AGGRESSIVE;
				CLANG_WARN_UNREACHABLE_CODE = YES;
				CLANG_WARN__DUPLICATE_METHOD_MATCH = YES;
				COPY_PHASE_STRIP = NO;
				DEBUG_INFORMATION_FORMAT = dwarf;
				DEVELOPMENT_TEAM = 3VFRMD8884;
				ENABLE_STRICT_OBJC_MSGSEND = YES;
				ENABLE_TESTABILITY = YES;
				ENABLE_USER_SCRIPT_SANDBOXING = YES;
				GCC_C_LANGUAGE_STANDARD = gnu17;
				GCC_DYNAMIC_NO_PIC = NO;
				GCC_NO_COMMON_BLOCKS = YES;
				GCC_OPTIMIZATION_LEVEL = 0;
				GCC_PREPROCESSOR_DEFINITIONS = (
					"DEBUG=1",
					"$(inherited)",
				);
				GCC_WARN_64_TO_32_BIT_CONVERSION = YES;
				GCC_WARN_ABOUT_RETURN_TYPE = YES_ERROR;
				GCC_WARN_UNDECLARED_SELECTOR = YES;
				GCC_WARN_UNINITIALIZED_AUTOS = YES_AGGRESSIVE;
				GCC_WARN_UNUSED_FUNCTION = YES;
				GCC_WARN_UNUSED_VARIABLE = YES;
				IPHONEOS_DEPLOYMENT_TARGET = 18.4;
				LOCALIZATION_PREFERS_STRING_CATALOGS = YES;
				MTL_ENABLE_DEBUG_INFO = INCLUDE_SOURCE;
				MTL_FAST_MATH = YES;
				ONLY_ACTIVE_ARCH = YES;
				SDKROOT = iphoneos;
				SWIFT_ACTIVE_COMPILATION_CONDITIONS = "DEBUG $(inherited)";
				SWIFT_OPTIMIZATION_LEVEL = "-Onone";
			};
			name = Debug;
		};
		9B9B655E2DA5A3C800CA8E35 /* Release */ = {
			isa = XCBuildConfiguration;
			buildSettings = {
				ALWAYS_SEARCH_USER_PATHS = NO;
				ASSETCATALOG_COMPILER_GENERATE_SWIFT_ASSET_SYMBOL_EXTENSIONS = YES;
				CLANG_ANALYZER_NONNULL = YES;
				CLANG_ANALYZER_NUMBER_OBJECT_CONVERSION = YES_AGGRESSIVE;
				CLANG_CXX_LANGUAGE_STANDARD = "gnu++20";
				CLANG_ENABLE_MODULES = YES;
				CLANG_ENABLE_OBJC_ARC = YES;
				CLANG_ENABLE_OBJC_WEAK = YES;
				CLANG_WARN_BLOCK_CAPTURE_AUTORELEASING = YES;
				CLANG_WARN_BOOL_CONVERSION = YES;
				CLANG_WARN_COMMA = YES;
				CLANG_WARN_CONSTANT_CONVERSION = YES;
				CLANG_WARN_DEPRECATED_OBJC_IMPLEMENTATIONS = YES;
				CLANG_WARN_DIRECT_OBJC_ISA_USAGE = YES_ERROR;
				CLANG_WARN_DOCUMENTATION_COMMENTS = YES;
				CLANG_WARN_EMPTY_BODY = YES;
				CLANG_WARN_ENUM_CONVERSION = YES;
				CLANG_WARN_INFINITE_RECURSION = YES;
				CLANG_WARN_INT_CONVERSION = YES;
				CLANG_WARN_NON_LITERAL_NULL_CONVERSION = YES;
				CLANG_WARN_OBJC_IMPLICIT_RETAIN_SELF = YES;
				CLANG_WARN_OBJC_LITERAL_CONVERSION = YES;
				CLANG_WARN_OBJC_ROOT_CLASS = YES_ERROR;
				CLANG_WARN_QUOTED_INCLUDE_IN_FRAMEWORK_HEADER = YES;
				CLANG_WARN_RANGE_LOOP_ANALYSIS = YES;
				CLANG_WARN_STRICT_PROTOTYPES = YES;
				CLANG_WARN_SUSPICIOUS_MOVE = YES;
				CLANG_WARN_UNGUARDED_AVAILABILITY = YES_AGGRESSIVE;
				CLANG_WARN_UNREACHABLE_CODE = YES;
				CLANG_WARN__DUPLICATE_METHOD_MATCH = YES;
				COPY_PHASE_STRIP = NO;
				DEBUG_INFORMATION_FORMAT = "dwarf-with-dsym";
				DEVELOPMENT_TEAM = 3VFRMD8884;
				ENABLE_NS_ASSERTIONS = NO;
				ENABLE_STRICT_OBJC_MSGSEND = YES;
				ENABLE_USER_SCRIPT_SANDBOXING = YES;
				GCC_C_LANGUAGE_STANDARD = gnu17;
				GCC_NO_COMMON_BLOCKS = YES;
				GCC_WARN_64_TO_32_BIT_CONVERSION = YES;
				GCC_WARN_ABOUT_RETURN_TYPE = YES_ERROR;
				GCC_WARN_UNDECLARED_SELECTOR = YES;
				GCC_WARN_UNINITIALIZED_AUTOS = YES_AGGRESSIVE;
				GCC_WARN_UNUSED_FUNCTION = YES;
				GCC_WARN_UNUSED_VARIABLE = YES;
				IPHONEOS_DEPLOYMENT_TARGET = 18.4;
				LOCALIZATION_PREFERS_STRING_CATALOGS = YES;
				MTL_ENABLE_DEBUG_INFO = NO;
				MTL_FAST_MATH = YES;
				SDKROOT = iphoneos;
				SWIFT_COMPILATION_MODE = wholemodule;
				VALIDATE_PRODUCT = YES;
			};
			name = Release;
		};
		9B9B65602DA5A3C800CA8E35 /* Debug */ = {
			isa = XCBuildConfiguration;
			buildSettings = {
				ASSETCATALOG_COMPILER_APPICON_NAME = AppIcon;
				ASSETCATALOG_COMPILER_GLOBAL_ACCENT_COLOR_NAME = AccentColor;
				CODE_SIGN_IDENTITY = "Apple Development";
				CODE_SIGN_STYLE = Automatic;
				CURRENT_PROJECT_VERSION = 1;
				DEVELOPMENT_TEAM = 3VFRMD8884;
				ENABLE_PREVIEWS = YES;
				GENERATE_INFOPLIST_FILE = NO;
				INFOPLIST_FILE = Goltripv2/Config/Info.plist;
				INFOPLIST_KEY_UIApplicationSceneManifest_Generation = YES;
				INFOPLIST_KEY_UIApplicationSupportsIndirectInputEvents = YES;
				INFOPLIST_KEY_UILaunchScreen_Generation = YES;
				INFOPLIST_KEY_UISupportedInterfaceOrientations_iPad = "UIInterfaceOrientationPortrait UIInterfaceOrientationPortraitUpsideDown UIInterfaceOrientationLandscapeLeft UIInterfaceOrientationLandscapeRight";
				INFOPLIST_KEY_UISupportedInterfaceOrientations_iPhone = "UIInterfaceOrientationPortrait UIInterfaceOrientationLandscapeLeft UIInterfaceOrientationLandscapeRight";
				IPHONEOS_DEPLOYMENT_TARGET = 17.6;
				LD_RUNPATH_SEARCH_PATHS = (
					"$(inherited)",
					"@executable_path/Frameworks",
				);
				MARKETING_VERSION = 1.0;
				PRODUCT_BUNDLE_IDENTIFIER = "golftrip-v2";
				PRODUCT_NAME = "$(TARGET_NAME)";
				PROVISIONING_PROFILE_SPECIFIER = "";
				SWIFT_EMIT_LOC_STRINGS = YES;
				SWIFT_VERSION = 5.0;
				TARGETED_DEVICE_FAMILY = "1,2";
			};
			name = Debug;
		};
		9B9B65612DA5A3C800CA8E35 /* Release */ = {
			isa = XCBuildConfiguration;
			buildSettings = {
				ASSETCATALOG_COMPILER_APPICON_NAME = AppIcon;
				ASSETCATALOG_COMPILER_GLOBAL_ACCENT_COLOR_NAME = AccentColor;
				CODE_SIGN_IDENTITY = "Apple Development";
				CODE_SIGN_STYLE = Automatic;
				CURRENT_PROJECT_VERSION = 1;
				DEVELOPMENT_TEAM = 3VFRMD8884;
				ENABLE_PREVIEWS = YES;
				GENERATE_INFOPLIST_FILE = NO;
				INFOPLIST_FILE = Goltripv2/Config/Info.plist;
				INFOPLIST_KEY_UIApplicationSceneManifest_Generation = YES;
				INFOPLIST_KEY_UIApplicationSupportsIndirectInputEvents = YES;
				INFOPLIST_KEY_UILaunchScreen_Generation = YES;
				INFOPLIST_KEY_UISupportedInterfaceOrientations_iPad = "UIInterfaceOrientationPortrait UIInterfaceOrientationPortraitUpsideDown UIInterfaceOrientationLandscapeLeft UIInterfaceOrientationLandscapeRight";
				INFOPLIST_KEY_UISupportedInterfaceOrientations_iPhone = "UIInterfaceOrientationPortrait UIInterfaceOrientationLandscapeLeft UIInterfaceOrientationLandscapeRight";
				IPHONEOS_DEPLOYMENT_TARGET = 17.6;
				LD_RUNPATH_SEARCH_PATHS = (
					"$(inherited)",
					"@executable_path/Frameworks",
				);
				MARKETING_VERSION = 1.0;
				PRODUCT_BUNDLE_IDENTIFIER = "golftrip-v2";
				PRODUCT_NAME = "$(TARGET_NAME)";
				PROVISIONING_PROFILE_SPECIFIER = "";
				SWIFT_EMIT_LOC_STRINGS = YES;
				SWIFT_VERSION = 5.0;
				TARGETED_DEVICE_FAMILY = "1,2";
			};
			name = Release;
		};
		9B9B65632DA5A3C800CA8E35 /* Debug */ = {
			isa = XCBuildConfiguration;
			buildSettings = {
				BUNDLE_LOADER = "$(TEST_HOST)";
				CODE_SIGN_STYLE = Automatic;
				CURRENT_PROJECT_VERSION = 1;
				DEVELOPMENT_TEAM = 3VFRMD8884;
				GENERATE_INFOPLIST_FILE = YES;
				IPHONEOS_DEPLOYMENT_TARGET = 18.4;
				MARKETING_VERSION = 1.0;
				PRODUCT_BUNDLE_IDENTIFIER = dev.Goltripv2Tests;
				PRODUCT_NAME = "$(TARGET_NAME)";
				SWIFT_EMIT_LOC_STRINGS = NO;
				SWIFT_VERSION = 5.0;
				TARGETED_DEVICE_FAMILY = "1,2";
				TEST_HOST = "$(BUILT_PRODUCTS_DIR)/Goltripv2.app/$(BUNDLE_EXECUTABLE_FOLDER_PATH)/Goltripv2";
			};
			name = Debug;
		};
		9B9B65642DA5A3C800CA8E35 /* Release */ = {
			isa = XCBuildConfiguration;
			buildSettings = {
				BUNDLE_LOADER = "$(TEST_HOST)";
				CODE_SIGN_STYLE = Automatic;
				CURRENT_PROJECT_VERSION = 1;
				DEVELOPMENT_TEAM = 3VFRMD8884;
				GENERATE_INFOPLIST_FILE = YES;
				IPHONEOS_DEPLOYMENT_TARGET = 18.4;
				MARKETING_VERSION = 1.0;
				PRODUCT_BUNDLE_IDENTIFIER = dev.Goltripv2Tests;
				PRODUCT_NAME = "$(TARGET_NAME)";
				SWIFT_EMIT_LOC_STRINGS = NO;
				SWIFT_VERSION = 5.0;
				TARGETED_DEVICE_FAMILY = "1,2";
				TEST_HOST = "$(BUILT_PRODUCTS_DIR)/Goltripv2.app/$(BUNDLE_EXECUTABLE_FOLDER_PATH)/Goltripv2";
			};
			name = Release;
		};
		9B9B65662DA5A3C800CA8E35 /* Debug */ = {
			isa = XCBuildConfiguration;
			buildSettings = {
				CODE_SIGN_STYLE = Automatic;
				CURRENT_PROJECT_VERSION = 1;
				DEVELOPMENT_TEAM = 3VFRMD8884;
				GENERATE_INFOPLIST_FILE = YES;
				MARKETING_VERSION = 1.0;
				PRODUCT_BUNDLE_IDENTIFIER = dev.Goltripv2UITests;
				PRODUCT_NAME = "$(TARGET_NAME)";
				SWIFT_EMIT_LOC_STRINGS = NO;
				SWIFT_VERSION = 5.0;
				TARGETED_DEVICE_FAMILY = "1,2";
				TEST_TARGET_NAME = Goltripv2;
			};
			name = Debug;
		};
		9B9B65672DA5A3C800CA8E35 /* Release */ = {
			isa = XCBuildConfiguration;
			buildSettings = {
				CODE_SIGN_STYLE = Automatic;
				CURRENT_PROJECT_VERSION = 1;
				DEVELOPMENT_TEAM = 3VFRMD8884;
				GENERATE_INFOPLIST_FILE = YES;
				MARKETING_VERSION = 1.0;
				PRODUCT_BUNDLE_IDENTIFIER = dev.Goltripv2UITests;
				PRODUCT_NAME = "$(TARGET_NAME)";
				SWIFT_EMIT_LOC_STRINGS = NO;
				SWIFT_VERSION = 5.0;
				TARGETED_DEVICE_FAMILY = "1,2";
				TEST_TARGET_NAME = Goltripv2;
			};
			name = Release;
		};
/* End XCBuildConfiguration section */

/* Begin XCConfigurationList section */
		9B9B65392DA5A3C800CA8E35 /* Build configuration list for PBXProject "Goltripv2" */ = {
			isa = XCConfigurationList;
			buildConfigurations = (
				9B9B655D2DA5A3C800CA8E35 /* Debug */,
				9B9B655E2DA5A3C800CA8E35 /* Release */,
			);
			defaultConfigurationIsVisible = 0;
			defaultConfigurationName = Release;
		};
		9B9B655F2DA5A3C800CA8E35 /* Build configuration list for PBXNativeTarget "Goltripv2" */ = {
			isa = XCConfigurationList;
			buildConfigurations = (
				9B9B65602DA5A3C800CA8E35 /* Debug */,
				9B9B65612DA5A3C800CA8E35 /* Release */,
			);
			defaultConfigurationIsVisible = 0;
			defaultConfigurationName = Release;
		};
		9B9B65622DA5A3C800CA8E35 /* Build configuration list for PBXNativeTarget "Goltripv2Tests" */ = {
			isa = XCConfigurationList;
			buildConfigurations = (
				9B9B65632DA5A3C800CA8E35 /* Debug */,
				9B9B65642DA5A3C800CA8E35 /* Release */,
			);
			defaultConfigurationIsVisible = 0;
			defaultConfigurationName = Release;
		};
		9B9B65652DA5A3C800CA8E35 /* Build configuration list for PBXNativeTarget "Goltripv2UITests" */ = {
			isa = XCConfigurationList;
			buildConfigurations = (
				9B9B65662DA5A3C800CA8E35 /* Debug */,
				9B9B65672DA5A3C800CA8E35 /* Release */,
			);
			defaultConfigurationIsVisible = 0;
			defaultConfigurationName = Release;
		};
/* End XCConfigurationList section */

/* Begin XCRemoteSwiftPackageReference section */
		9B9B657A2DA5A6C100CA8E35 /* XCRemoteSwiftPackageReference "firebase-ios-sdk" */ = {
			isa = XCRemoteSwiftPackageReference;
			repositoryURL = "https://github.com/firebase/firebase-ios-sdk";
			requirement = {
				kind = upToNextMajorVersion;
				minimumVersion = 11.11.0;
			};
		};
/* End XCRemoteSwiftPackageReference section */

/* Begin XCSwiftPackageProductDependency section */
		9B54C4082DA646C300E73E67 /* FirebaseStorage */ = {
			isa = XCSwiftPackageProductDependency;
			package = 9B9B657A2DA5A6C100CA8E35 /* XCRemoteSwiftPackageReference "firebase-ios-sdk" */;
			productName = FirebaseStorage;
		};
		9BA505B22DA5C43B00CA91D1 /* FirebaseAuth */ = {
			isa = XCSwiftPackageProductDependency;
			package = 9B9B657A2DA5A6C100CA8E35 /* XCRemoteSwiftPackageReference "firebase-ios-sdk" */;
			productName = FirebaseAuth;
		};
		9BA505B42DA5C43B00CA91D1 /* FirebaseCore */ = {
			isa = XCSwiftPackageProductDependency;
			package = 9B9B657A2DA5A6C100CA8E35 /* XCRemoteSwiftPackageReference "firebase-ios-sdk" */;
			productName = FirebaseCore;
		};
		9BA505BC2DA5D06B00CA91D1 /* FirebaseFirestore */ = {
			isa = XCSwiftPackageProductDependency;
			package = 9B9B657A2DA5A6C100CA8E35 /* XCRemoteSwiftPackageReference "firebase-ios-sdk" */;
			productName = FirebaseFirestore;
		};
/* End XCSwiftPackageProductDependency section */
	};
	rootObject = 9B9B65362DA5A3C800CA8E35 /* Project object */;
}
